
Microsoft Visual Studio Solution File, Format Version 12.00
# Visual Studio Version 17
VisualStudioVersion = 17.1.32228.430
MinimumVisualStudioVersion = 10.0.40219.1
Project("{9A19103F-16F7-4668-BE54-9A1E7A4F7556}") = "CourseProject.DB.Interaction", "CourseProject.DB.Interaction\CourseProject.DB.Interaction.csproj", "{7CC501DE-EFA0-402E-9F0C-F5CC76354CF4}"
EndProject
Project("{9A19103F-16F7-4668-BE54-9A1E7A4F7556}") = "CourseProject.Launcher.App", "CourseProject.Launcher.App\CourseProject.Launcher.App.csproj", "{78DAA0C7-8F57-4B2A-ACAA-4324FEDC450B}"
EndProject
Global
	GlobalSection(SolutionConfigurationPlatforms) = preSolution
		Debug|Any CPU = Debug|Any CPU
		Release|Any CPU = Release|Any CPU
	EndGlobalSection
	GlobalSection(ProjectConfigurationPlatforms) = postSolution
		{7CC501DE-EFA0-402E-9F0C-F5CC76354CF4}.Debug|Any CPU.ActiveCfg = Debug|Any CPU
		{7CC501DE-EFA0-402E-9F0C-F5CC76354CF4}.Debug|Any CPU.Build.0 = Debug|Any CPU
		{7CC501DE-EFA0-402E-9F0C-F5CC76354CF4}.Release|Any CPU.ActiveCfg = Release|Any CPU
		{7CC501DE-EFA0-402E-9F0C-F5CC76354CF4}.Release|Any CPU.Build.0 = Release|Any CPU
		{78DAA0C7-8F57-4B2A-ACAA-4324FEDC450B}.Debug|Any CPU.ActiveCfg = Debug|Any CPU
		{78DAA0C7-8F57-4B2A-ACAA-4324FEDC450B}.Debug|Any CPU.Build.0 = Debug|Any CPU
		{78DAA0C7-8F57-4B2A-ACAA-4324FEDC450B}.Release|Any CPU.ActiveCfg = Release|Any CPU
		{78DAA0C7-8F57-4B2A-ACAA-4324FEDC450B}.Release|Any CPU.Build.0 = Release|Any CPU
	EndGlobalSection
	GlobalSection(SolutionProperties) = preSolution
		HideSolutionNode = FALSE
	EndGlobalSection
	GlobalSection(ExtensibilityGlobals) = postSolution
		SolutionGuid = {FA1B3F6E-DA86-47D0-A047-5C6E60127803}
	EndGlobalSection
EndGlobal
